{
  "nodes": {
    "nixpkgs": {
      "locked": {
        "lastModified": 1749894148,
        "narHash": "sha256-JSbaLHqq6tDAVMny3Gb3CFDMazjLv3UTMq7HTbMgsbs=",
        "owner": "vdbe",
        "repo": "nixpkgs",
        "rev": "c09b0ee2d840c4b60ba1106c2a76c9329e7895f7",
        "type": "github"
      },
      "original": {
        "owner": "vdbe",
        "ref": "nixos-unstable",
        "repo": "nixpkgs",
        "type": "github"
      }
    },
    "root": {
      "inputs": {
        "nixpkgs": "nixpkgs"
      }
    }
  },
  "root": "root",
  "version": 7
}
